
Microsoft Visual Studio Solution File, Format Version 12.00
# Visual Studio Version 17
VisualStudioVersion = 17.7.34031.279
MinimumVisualStudioVersion = 10.0.40219.1
Project("{2150E333-8FDC-42A3-9474-1A3956D46DE8}") = "src", "src", "{CF7DA8BB-D409-430B-B8CA-3A187555022E}"
EndProject
Project("{2150E333-8FDC-42A3-9474-1A3956D46DE8}") = "tests", "tests", "{AE809A78-AACF-4045-80AD-CE543534C065}"
EndProject
Project("{2150E333-8FDC-42A3-9474-1A3956D46DE8}") = "Core", "Core", "{4681D5CF-7A6C-48DF-A307-FF91B5C78BE0}"
EndProject
Project("{2150E333-8FDC-42A3-9474-1A3956D46DE8}") = "Api", "Api", "{4414BC6E-6CF6-4140-9686-ACB8E874A2F0}"
EndProject
Project("{2150E333-8FDC-42A3-9474-1A3956D46DE8}") = "UI", "UI", "{60BE3285-131F-4BAA-B2F9-3993A06FF2BB}"
EndProject
Project("{2150E333-8FDC-42A3-9474-1A3956D46DE8}") = "Infrastructure", "Infrastructure", "{248E4707-8A46-423D-8288-046201128BCD}"
EndProject
Project("{9A19103F-16F7-4668-BE54-9A1E7A4F7556}") = "MealPath.OrderManagement.Domain", "MealPath.OrderManagement.Domain\MealPath.OrderManagement.Domain.csproj", "{0C9EFB74-B0AE-4C91-9F86-0045E460BD2D}"
EndProject
Project("{9A19103F-16F7-4668-BE54-9A1E7A4F7556}") = "MealPath.OrderManagement.Application", "MealPath.OrderManagement.Application\MealPath.OrderManagement.Application.csproj", "{E1C84E61-0E41-4A5F-A29D-762D56BEB358}"
EndProject
Project("{9A19103F-16F7-4668-BE54-9A1E7A4F7556}") = "MealPath.OrderManagement.Persistence", "MealPath.OrderManagement.Persistence\MealPath.OrderManagement.Persistence.csproj", "{6FB4CDB2-9A89-468F-AE1D-181A50C50917}"
EndProject
Project("{9A19103F-16F7-4668-BE54-9A1E7A4F7556}") = "MealPath.OrderManagement.Api", "MealPath.OrderManagement.Api\MealPath.OrderManagement.Api.csproj", "{545E69EF-FC44-4205-BB42-23B74B90572F}"
EndProject
Project("{FAE04EC0-301F-11D3-BF4B-00C04F79EFBC}") = "MealPath.OrderManagement.Identity", "MealPath.OrderManagement.Identity\MealPath.OrderManagement.Identity.csproj", "{57CC6C3E-BCAD-4612-8AB8-699C35FBBA3E}"
EndProject
Global
	GlobalSection(SolutionConfigurationPlatforms) = preSolution
		Debug|Any CPU = Debug|Any CPU
		Release|Any CPU = Release|Any CPU
	EndGlobalSection
	GlobalSection(ProjectConfigurationPlatforms) = postSolution
		{0C9EFB74-B0AE-4C91-9F86-0045E460BD2D}.Debug|Any CPU.ActiveCfg = Debug|Any CPU
		{0C9EFB74-B0AE-4C91-9F86-0045E460BD2D}.Debug|Any CPU.Build.0 = Debug|Any CPU
		{0C9EFB74-B0AE-4C91-9F86-0045E460BD2D}.Release|Any CPU.ActiveCfg = Release|Any CPU
		{0C9EFB74-B0AE-4C91-9F86-0045E460BD2D}.Release|Any CPU.Build.0 = Release|Any CPU
		{E1C84E61-0E41-4A5F-A29D-762D56BEB358}.Debug|Any CPU.ActiveCfg = Debug|Any CPU
		{E1C84E61-0E41-4A5F-A29D-762D56BEB358}.Debug|Any CPU.Build.0 = Debug|Any CPU
		{E1C84E61-0E41-4A5F-A29D-762D56BEB358}.Release|Any CPU.ActiveCfg = Release|Any CPU
		{E1C84E61-0E41-4A5F-A29D-762D56BEB358}.Release|Any CPU.Build.0 = Release|Any CPU
		{6FB4CDB2-9A89-468F-AE1D-181A50C50917}.Debug|Any CPU.ActiveCfg = Debug|Any CPU
		{6FB4CDB2-9A89-468F-AE1D-181A50C50917}.Debug|Any CPU.Build.0 = Debug|Any CPU
		{6FB4CDB2-9A89-468F-AE1D-181A50C50917}.Release|Any CPU.ActiveCfg = Release|Any CPU
		{6FB4CDB2-9A89-468F-AE1D-181A50C50917}.Release|Any CPU.Build.0 = Release|Any CPU
		{545E69EF-FC44-4205-BB42-23B74B90572F}.Debug|Any CPU.ActiveCfg = Debug|Any CPU
		{545E69EF-FC44-4205-BB42-23B74B90572F}.Debug|Any CPU.Build.0 = Debug|Any CPU
		{545E69EF-FC44-4205-BB42-23B74B90572F}.Release|Any CPU.ActiveCfg = Release|Any CPU
		{545E69EF-FC44-4205-BB42-23B74B90572F}.Release|Any CPU.Build.0 = Release|Any CPU
		{57CC6C3E-BCAD-4612-8AB8-699C35FBBA3E}.Debug|Any CPU.ActiveCfg = Debug|Any CPU
		{57CC6C3E-BCAD-4612-8AB8-699C35FBBA3E}.Debug|Any CPU.Build.0 = Debug|Any CPU
		{57CC6C3E-BCAD-4612-8AB8-699C35FBBA3E}.Release|Any CPU.ActiveCfg = Release|Any CPU
		{57CC6C3E-BCAD-4612-8AB8-699C35FBBA3E}.Release|Any CPU.Build.0 = Release|Any CPU
	EndGlobalSection
	GlobalSection(SolutionProperties) = preSolution
		HideSolutionNode = FALSE
	EndGlobalSection
	GlobalSection(NestedProjects) = preSolution
		{4681D5CF-7A6C-48DF-A307-FF91B5C78BE0} = {CF7DA8BB-D409-430B-B8CA-3A187555022E}
		{4414BC6E-6CF6-4140-9686-ACB8E874A2F0} = {CF7DA8BB-D409-430B-B8CA-3A187555022E}
		{60BE3285-131F-4BAA-B2F9-3993A06FF2BB} = {CF7DA8BB-D409-430B-B8CA-3A187555022E}
		{248E4707-8A46-423D-8288-046201128BCD} = {CF7DA8BB-D409-430B-B8CA-3A187555022E}
		{0C9EFB74-B0AE-4C91-9F86-0045E460BD2D} = {4681D5CF-7A6C-48DF-A307-FF91B5C78BE0}
		{E1C84E61-0E41-4A5F-A29D-762D56BEB358} = {4681D5CF-7A6C-48DF-A307-FF91B5C78BE0}
		{6FB4CDB2-9A89-468F-AE1D-181A50C50917} = {248E4707-8A46-423D-8288-046201128BCD}
		{545E69EF-FC44-4205-BB42-23B74B90572F} = {4414BC6E-6CF6-4140-9686-ACB8E874A2F0}
		{57CC6C3E-BCAD-4612-8AB8-699C35FBBA3E} = {248E4707-8A46-423D-8288-046201128BCD}
	EndGlobalSection
	GlobalSection(ExtensibilityGlobals) = postSolution
		SolutionGuid = {56215AC1-686E-4A04-B4B1-C3F9EDB90635}
	EndGlobalSection
EndGlobal
